// !$*UTF8*$!
{
	archiveVersion = 1;
	classes = {
	};
	objectVersion = 77;
	objects = {

/* Begin PBXBuildFile section */
		0626A5CC00C74C2D29AED4C1 /* WidgetStore.swift in Sources */ = {isa = PBXBuildFile; fileRef = B2DD6DC0C92D6E6CBCA60A64 /* WidgetStore.swift */; };
		1C083A4F4BDACFE1F22DF9C3 /* ClaudeProbeView.swift in Sources */ = {isa = PBXBuildFile; fileRef = 64469AA7AC51D1904D08039F /* ClaudeProbeView.swift */; };
		33446789E7BF9AACA7AB3131 /* ClaudeTokenStore.swift in Sources */ = {isa = PBXBuildFile; fileRef = 126972287BBBDE180220E188 /* ClaudeTokenStore.swift */; };
		35E250658F5C0CA0E7785184 /* WidgetStore.swift in Sources */ = {isa = PBXBuildFile; fileRef = B2DD6DC0C92D6E6CBCA60A64 /* WidgetStore.swift */; };
		363831E14640C6E63BA8CD06 /* PrivacyInfo.xcprivacy in Resources */ = {isa = PBXBuildFile; fileRef = 652482B3FBA0A241F21DF910 /* PrivacyInfo.xcprivacy */; };
		3B37B886A505345D94F1106D /* SharedQuotaStore.swift in Sources */ = {isa = PBXBuildFile; fileRef = 4A827B61B801F45B571C22D4 /* SharedQuotaStore.swift */; };
		3B54D157161590113ACED407 /* Assets.xcassets in Resources */ = {isa = PBXBuildFile; fileRef = C4A665A3F6E10210205651C1 /* Assets.xcassets */; };
		4425E8D24C7474C6DAE872D0 /* ProbeModel.swift in Sources */ = {isa = PBXBuildFile; fileRef = 59F4F1B59FFE30E899E31F8D /* ProbeModel.swift */; };
		4B3475597E85C005EAD58BE3 /* TokenStoreTests.swift in Sources */ = {isa = PBXBuildFile; fileRef = F9302F08CDA8C2099F522EB6 /* TokenStoreTests.swift */; };
		5A46369816A5946D839E4BD1 /* MobileAccessApp.swift in Sources */ = {isa = PBXBuildFile; fileRef = 667DECCAD3629416AE8E1184 /* MobileAccessApp.swift */; };
		7221848F4E38D90D66F26309 /* MobileAccessCore in Frameworks */ = {isa = PBXBuildFile; productRef = DFF4C4A5EB5BDFA9C95AAECF /* MobileAccessCore */; };
		746C4447FF212224EBC1C74F /* OverviewView.swift in Sources */ = {isa = PBXBuildFile; fileRef = 544AA7837A218AFDE7979ECA /* OverviewView.swift */; };
		75693BD6C1BF90BE6314D47F /* CompactQuotaView.swift in Sources */ = {isa = PBXBuildFile; fileRef = E2681A208A2007E5167B5903 /* CompactQuotaView.swift */; };
		8299DA3C7C1FD96239063B69 /* CompactQuotaView.swift in Sources */ = {isa = PBXBuildFile; fileRef = E2681A208A2007E5167B5903 /* CompactQuotaView.swift */; };
		8C49EF9DB327A25206639D8A /* CodexLockScreen.appex in Embed Foundation Extensions */ = {isa = PBXBuildFile; fileRef = E703D1EFA432262D61E2FCE4 /* CodexLockScreen.appex */; settings = {ATTRIBUTES = (RemoveHeadersOnCopy, ); }; };
		8C85F5F54B15A0FBCDB288B4 /* TokenStore.swift in Sources */ = {isa = PBXBuildFile; fileRef = 0FFBABD81D84B816E058A18A /* TokenStore.swift */; };
		AFE691967BB0010B230C74FE /* AppIcon.icon in Resources */ = {isa = PBXBuildFile; fileRef = D105C10D001CB467312EC68F /* AppIcon.icon */; };
		B7006AC17E028F428A769717 /* MobileSettingsView.swift in Sources */ = {isa = PBXBuildFile; fileRef = EC6483FA9D6F3174B3E47F3D /* MobileSettingsView.swift */; };
		CC5F281DB85E8B6C7066CA4C /* SharedQuotaStoreTests.swift in Sources */ = {isa = PBXBuildFile; fileRef = 8924102467BA8034DBE2CECD /* SharedQuotaStoreTests.swift */; };
		CFAF8A80448A91B7EF75781E /* MobileAccessCore in Frameworks */ = {isa = PBXBuildFile; productRef = 173CF8E181A83E5F34DA278D /* MobileAccessCore */; };
		D8DCDC8B4830C0460D879B02 /* ClaudeProbeModel.swift in Sources */ = {isa = PBXBuildFile; fileRef = 25D0C914A09E992523B60A79 /* ClaudeProbeModel.swift */; };
		E3D30E50AB75A441C40715E3 /* SharedQuotaStore.swift in Sources */ = {isa = PBXBuildFile; fileRef = 4A827B61B801F45B571C22D4 /* SharedQuotaStore.swift */; };
		F558CF7CFAAEBBB8CB1BEED3 /* Assets.xcassets in Resources */ = {isa = PBXBuildFile; fileRef = 033BEE818868F742F0C74E02 /* Assets.xcassets */; };
		FB35301AC5F7338EEA7F8089 /* CodexWidget.swift in Sources */ = {isa = PBXBuildFile; fileRef = BC43070E1A6F758DB7AF31A6 /* CodexWidget.swift */; };
		FCCD805109545B13B2549DEF /* MobileAccessCore in Frameworks */ = {isa = PBXBuildFile; productRef = D6613792B140EDEB4F845460 /* MobileAccessCore */; };
/* End PBXBuildFile section */

/* Begin PBXContainerItemProxy section */
		7A5917E429DA0E8CFD15F6BC /* PBXContainerItemProxy */ = {
			isa = PBXContainerItemProxy;
			containerPortal = 3683EC654F0774B475F753E7 /* Project object */;
			proxyType = 1;
			remoteGlobalIDString = 66393C81E06658137A4EC5F2;
			remoteInfo = CodexLockScreen;
		};
		CE3FFFB2AE1B38E14EFE8247 /* PBXContainerItemProxy */ = {
			isa = PBXContainerItemProxy;
			containerPortal = 3683EC654F0774B475F753E7 /* Project object */;
			proxyType = 1;
			remoteGlobalIDString = 6E313A836C3FCD4ABA1E2F39;
			remoteInfo = "AIQuota-iOS";
		};
/* End PBXContainerItemProxy section */

/* Begin PBXCopyFilesBuildPhase section */
		00F4EEBC784FBC30C1B61850 /* Embed Foundation Extensions */ = {
			isa = PBXCopyFilesBuildPhase;
			buildActionMask = 2147483647;
			dstPath = "";
			dstSubfolderSpec = 13;
			files = (
				8C49EF9DB327A25206639D8A /* CodexLockScreen.appex in Embed Foundation Extensions */,
			);
			name = "Embed Foundation Extensions";
			runOnlyForDeploymentPostprocessing = 0;
		};
/* End PBXCopyFilesBuildPhase section */

/* Begin PBXFileReference section */
		033BEE818868F742F0C74E02 /* Assets.xcassets */ = {isa = PBXFileReference; lastKnownFileType = folder.assetcatalog; path = Assets.xcassets; sourceTree = "<group>"; };
		0FFBABD81D84B816E058A18A /* TokenStore.swift */ = {isa = PBXFileReference; lastKnownFileType = sourcecode.swift; path = TokenStore.swift; sourceTree = "<group>"; };
		10E78A55674FC8381F9E6696 /* AIQuota-iOS.app */ = {isa = PBXFileReference; explicitFileType = wrapper.application; includeInIndex = 0; path = "AIQuota-iOS.app"; sourceTree = BUILT_PRODUCTS_DIR; };
		126972287BBBDE180220E188 /* ClaudeTokenStore.swift */ = {isa = PBXFileReference; lastKnownFileType = sourcecode.swift; path = ClaudeTokenStore.swift; sourceTree = "<group>"; };
		23DBF6CBC5AEF8D221D5EA51 /* Info.plist */ = {isa = PBXFileReference; lastKnownFileType = text.plist; path = Info.plist; sourceTree = "<group>"; };
		25D0C914A09E992523B60A79 /* ClaudeProbeModel.swift */ = {isa = PBXFileReference; lastKnownFileType = sourcecode.swift; path = ClaudeProbeModel.swift; sourceTree = "<group>"; };
		33016447347AF46F0499E374 /* Widget.entitlements */ = {isa = PBXFileReference; lastKnownFileType = text.plist.entitlements; path = Widget.entitlements; sourceTree = "<group>"; };
		4A827B61B801F45B571C22D4 /* SharedQuotaStore.swift */ = {isa = PBXFileReference; lastKnownFileType = sourcecode.swift; path = SharedQuotaStore.swift; sourceTree = "<group>"; };
		544AA7837A218AFDE7979ECA /* OverviewView.swift */ = {isa = PBXFileReference; lastKnownFileType = sourcecode.swift; path = OverviewView.swift; sourceTree = "<group>"; };
		59F4F1B59FFE30E899E31F8D /* ProbeModel.swift */ = {isa = PBXFileReference; lastKnownFileType = sourcecode.swift; path = ProbeModel.swift; sourceTree = "<group>"; };
		64469AA7AC51D1904D08039F /* ClaudeProbeView.swift */ = {isa = PBXFileReference; lastKnownFileType = sourcecode.swift; path = ClaudeProbeView.swift; sourceTree = "<group>"; };
		652482B3FBA0A241F21DF910 /* PrivacyInfo.xcprivacy */ = {isa = PBXFileReference; lastKnownFileType = text.xml; path = PrivacyInfo.xcprivacy; sourceTree = "<group>"; };
		665C8528F74765B27A7E8206 /* MobileAccessHostTests.xctest */ = {isa = PBXFileReference; includeInIndex = 0; lastKnownFileType = wrapper.cfbundle; path = MobileAccessHostTests.xctest; sourceTree = BUILT_PRODUCTS_DIR; };
		667DECCAD3629416AE8E1184 /* MobileAccessApp.swift */ = {isa = PBXFileReference; lastKnownFileType = sourcecode.swift; path = MobileAccessApp.swift; sourceTree = "<group>"; };
		8924102467BA8034DBE2CECD /* SharedQuotaStoreTests.swift */ = {isa = PBXFileReference; lastKnownFileType = sourcecode.swift; path = SharedQuotaStoreTests.swift; sourceTree = "<group>"; };
		926FEB7F8D7432AC85C40F34 /* Mobile.entitlements */ = {isa = PBXFileReference; lastKnownFileType = text.plist.entitlements; path = Mobile.entitlements; sourceTree = "<group>"; };
		9541934EFB0D1035EA296DB4 /* Core */ = {isa = PBXFileReference; lastKnownFileType = folder; path = Core; sourceTree = SOURCE_ROOT; };
		B2DD6DC0C92D6E6CBCA60A64 /* WidgetStore.swift */ = {isa = PBXFileReference; lastKnownFileType = sourcecode.swift; path = WidgetStore.swift; sourceTree = "<group>"; };
		BC43070E1A6F758DB7AF31A6 /* CodexWidget.swift */ = {isa = PBXFileReference; lastKnownFileType = sourcecode.swift; path = CodexWidget.swift; sourceTree = "<group>"; };
		C1E24D8AE870084C7D061ADA /* Info.plist */ = {isa = PBXFileReference; lastKnownFileType = text.plist; path = Info.plist; sourceTree = "<group>"; };
		C4A665A3F6E10210205651C1 /* Assets.xcassets */ = {isa = PBXFileReference; lastKnownFileType = folder.assetcatalog; path = Assets.xcassets; sourceTree = "<group>"; };
		D105C10D001CB467312EC68F /* AppIcon.icon */ = {isa = PBXFileReference; lastKnownFileType = wrapper.icon; path = AppIcon.icon; sourceTree = "<group>"; };
		E2681A208A2007E5167B5903 /* CompactQuotaView.swift */ = {isa = PBXFileReference; lastKnownFileType = sourcecode.swift; path = CompactQuotaView.swift; sourceTree = "<group>"; };
		E703D1EFA432262D61E2FCE4 /* CodexLockScreen.appex */ = {isa = PBXFileReference; includeInIndex = 0; lastKnownFileType = "wrapper.app-extension"; path = CodexLockScreen.appex; sourceTree = BUILT_PRODUCTS_DIR; };
		EC6483FA9D6F3174B3E47F3D /* MobileSettingsView.swift */ = {isa = PBXFileReference; lastKnownFileType = sourcecode.swift; path = MobileSettingsView.swift; sourceTree = "<group>"; };
		F9302F08CDA8C2099F522EB6 /* TokenStoreTests.swift */ = {isa = PBXFileReference; lastKnownFileType = sourcecode.swift; path = TokenStoreTests.swift; sourceTree = "<group>"; };
/* End PBXFileReference section */

/* Begin PBXFrameworksBuildPhase section */
		50CF0479995527A24BF8AAFA /* Frameworks */ = {
			isa = PBXFrameworksBuildPhase;
			buildActionMask = 2147483647;
			files = (
				CFAF8A80448A91B7EF75781E /* MobileAccessCore in Frameworks */,
			);
			runOnlyForDeploymentPostprocessing = 0;
		};
		AF97BA0745C060CDFD0270AE /* Frameworks */ = {
			isa = PBXFrameworksBuildPhase;
			buildActionMask = 2147483647;
			files = (
				7221848F4E38D90D66F26309 /* MobileAccessCore in Frameworks */,
			);
			runOnlyForDeploymentPostprocessing = 0;
		};
		F7FA0B6DEBC66669292B3C97 /* Frameworks */ = {
			isa = PBXFrameworksBuildPhase;
			buildActionMask = 2147483647;
			files = (
				FCCD805109545B13B2549DEF /* MobileAccessCore in Frameworks */,
			);
			runOnlyForDeploymentPostprocessing = 0;
		};
/* End PBXFrameworksBuildPhase section */

/* Begin PBXGroup section */
		1604021316E8C46D46E868B7 /* Products */ = {
			isa = PBXGroup;
			children = (
				10E78A55674FC8381F9E6696 /* AIQuota-iOS.app */,
				E703D1EFA432262D61E2FCE4 /* CodexLockScreen.appex */,
				665C8528F74765B27A7E8206 /* MobileAccessHostTests.xctest */,
			);
			name = Products;
			sourceTree = "<group>";
		};
		4EC619B852C29590564FD110 /* AIQuota */ = {
			isa = PBXGroup;
			children = (
				D105C10D001CB467312EC68F /* AppIcon.icon */,
			);
			name = AIQuota;
			path = ../../AIQuota;
			sourceTree = "<group>";
		};
		52109C9838692B9BDE590491 /* App */ = {
			isa = PBXGroup;
			children = (
				033BEE818868F742F0C74E02 /* Assets.xcassets */,
				25D0C914A09E992523B60A79 /* ClaudeProbeModel.swift */,
				64469AA7AC51D1904D08039F /* ClaudeProbeView.swift */,
				126972287BBBDE180220E188 /* ClaudeTokenStore.swift */,
				23DBF6CBC5AEF8D221D5EA51 /* Info.plist */,
				667DECCAD3629416AE8E1184 /* MobileAccessApp.swift */,
				EC6483FA9D6F3174B3E47F3D /* MobileSettingsView.swift */,
				544AA7837A218AFDE7979ECA /* OverviewView.swift */,
				652482B3FBA0A241F21DF910 /* PrivacyInfo.xcprivacy */,
				59F4F1B59FFE30E899E31F8D /* ProbeModel.swift */,
				0FFBABD81D84B816E058A18A /* TokenStore.swift */,
			);
			path = App;
			sourceTree = "<group>";
		};
		624F7AD1FF5FD57B61D1254C /* Packages */ = {
			isa = PBXGroup;
			children = (
				9541934EFB0D1035EA296DB4 /* Core */,
			);
			name = Packages;
			sourceTree = "<group>";
		};
		64BEC0DD6BAA17BC96DDC167 = {
			isa = PBXGroup;
			children = (
				4EC619B852C29590564FD110 /* AIQuota */,
				52109C9838692B9BDE590491 /* App */,
				624F7AD1FF5FD57B61D1254C /* Packages */,
				94992070252EBE32AF7B68A3 /* Shared */,
				93C3533137E35584B6D3FC89 /* Tests */,
				7D5E72A5AABCB0D642AE3394 /* Widget */,
				1604021316E8C46D46E868B7 /* Products */,
			);
			sourceTree = "<group>";
		};
		7D5E72A5AABCB0D642AE3394 /* Widget */ = {
			isa = PBXGroup;
			children = (
				C4A665A3F6E10210205651C1 /* Assets.xcassets */,
				BC43070E1A6F758DB7AF31A6 /* CodexWidget.swift */,
				C1E24D8AE870084C7D061ADA /* Info.plist */,
			);
			path = Widget;
			sourceTree = "<group>";
		};
		93C3533137E35584B6D3FC89 /* Tests */ = {
			isa = PBXGroup;
			children = (
				8924102467BA8034DBE2CECD /* SharedQuotaStoreTests.swift */,
				F9302F08CDA8C2099F522EB6 /* TokenStoreTests.swift */,
			);
			path = Tests;
			sourceTree = "<group>";
		};
		94992070252EBE32AF7B68A3 /* Shared */ = {
			isa = PBXGroup;
			children = (
				E2681A208A2007E5167B5903 /* CompactQuotaView.swift */,
				926FEB7F8D7432AC85C40F34 /* Mobile.entitlements */,
				4A827B61B801F45B571C22D4 /* SharedQuotaStore.swift */,
				33016447347AF46F0499E374 /* Widget.entitlements */,
				B2DD6DC0C92D6E6CBCA60A64 /* WidgetStore.swift */,
			);
			path = Shared;
			sourceTree = "<group>";
		};
/* End PBXGroup section */

/* Begin PBXNativeTarget section */
		5FB4B62648D86D06628ACAF1 /* MobileAccessHostTests */ = {
			isa = PBXNativeTarget;
			buildConfigurationList = 34E56FD304FE56E2291074EA /* Build configuration list for PBXNativeTarget "MobileAccessHostTests" */;
			buildPhases = (
				A841B997575CF2ABBBB5DF12 /* Sources */,
				AF97BA0745C060CDFD0270AE /* Frameworks */,
			);
			buildRules = (
			);
			dependencies = (
				7C0B3F5F8F99145A135EB204 /* PBXTargetDependency */,
			);
			name = MobileAccessHostTests;
			packageProductDependencies = (
				DFF4C4A5EB5BDFA9C95AAECF /* MobileAccessCore */,
			);
			productName = MobileAccessHostTests;
			productReference = 665C8528F74765B27A7E8206 /* MobileAccessHostTests.xctest */;
			productType = "com.apple.product-type.bundle.unit-test";
		};
		66393C81E06658137A4EC5F2 /* CodexLockScreen */ = {
			isa = PBXNativeTarget;
			buildConfigurationList = C307DBC11BBF28FA00109E0F /* Build configuration list for PBXNativeTarget "CodexLockScreen" */;
			buildPhases = (
				1A9DDD54BA2F80EAA25AF73C /* Sources */,
				9942778799228FEE220580EB /* Resources */,
				F7FA0B6DEBC66669292B3C97 /* Frameworks */,
			);
			buildRules = (
			);
			dependencies = (
			);
			name = CodexLockScreen;
			packageProductDependencies = (
				D6613792B140EDEB4F845460 /* MobileAccessCore */,
			);
			productName = CodexLockScreen;
			productReference = E703D1EFA432262D61E2FCE4 /* CodexLockScreen.appex */;
			productType = "com.apple.product-type.app-extension";
		};
		6E313A836C3FCD4ABA1E2F39 /* AIQuota-iOS */ = {
			isa = PBXNativeTarget;
			buildConfigurationList = 39BD671DE48D411C2A3F4FD2 /* Build configuration list for PBXNativeTarget "AIQuota-iOS" */;
			buildPhases = (
				5A264ED467090C538192CD77 /* Sources */,
				5CF29901DEA5A9B5BA5576B9 /* Resources */,
				50CF0479995527A24BF8AAFA /* Frameworks */,
				00F4EEBC784FBC30C1B61850 /* Embed Foundation Extensions */,
			);
			buildRules = (
			);
			dependencies = (
				000D944C573E6F809F394822 /* PBXTargetDependency */,
			);
			name = "AIQuota-iOS";
			packageProductDependencies = (
				173CF8E181A83E5F34DA278D /* MobileAccessCore */,
			);
			productName = "AIQuota-iOS";
			productReference = 10E78A55674FC8381F9E6696 /* AIQuota-iOS.app */;
			productType = "com.apple.product-type.application";
		};
/* End PBXNativeTarget section */

/* Begin PBXProject section */
		3683EC654F0774B475F753E7 /* Project object */ = {
			isa = PBXProject;
			attributes = {
				BuildIndependentTargetsInParallel = YES;
				LastUpgradeCheck = 1430;
				TargetAttributes = {
					5FB4B62648D86D06628ACAF1 = {
						DevelopmentTeam = 289GY9L343;
						ProvisioningStyle = Automatic;
					};
					66393C81E06658137A4EC5F2 = {
						DevelopmentTeam = 289GY9L343;
						ProvisioningStyle = Automatic;
					};
					6E313A836C3FCD4ABA1E2F39 = {
						DevelopmentTeam = 289GY9L343;
						ProvisioningStyle = Automatic;
					};
				};
			};
			buildConfigurationList = 18920ED1785669268B1A96CC /* Build configuration list for PBXProject "AIQuota-iOS" */;
			developmentRegion = en;
			hasScannedForEncodings = 0;
			knownRegions = (
				Base,
				en,
			);
			mainGroup = 64BEC0DD6BAA17BC96DDC167;
			minimizedProjectReferenceProxies = 1;
			packageReferences = (
				27E8E3A2807F7E04BA6AF980 /* XCLocalSwiftPackageReference "Core" */,
			);
			preferredProjectObjectVersion = 77;
			productRefGroup = 1604021316E8C46D46E868B7 /* Products */;
			projectDirPath = "";
			projectRoot = "";
			targets = (
				6E313A836C3FCD4ABA1E2F39 /* AIQuota-iOS */,
				66393C81E06658137A4EC5F2 /* CodexLockScreen */,
				5FB4B62648D86D06628ACAF1 /* MobileAccessHostTests */,
			);
		};
/* End PBXProject section */

/* Begin PBXResourcesBuildPhase section */
		5CF29901DEA5A9B5BA5576B9 /* Resources */ = {
			isa = PBXResourcesBuildPhase;
			buildActionMask = 2147483647;
			files = (
				AFE691967BB0010B230C74FE /* AppIcon.icon in Resources */,
				F558CF7CFAAEBBB8CB1BEED3 /* Assets.xcassets in Resources */,
				363831E14640C6E63BA8CD06 /* PrivacyInfo.xcprivacy in Resources */,
			);
			runOnlyForDeploymentPostprocessing = 0;
		};
		9942778799228FEE220580EB /* Resources */ = {
			isa = PBXResourcesBuildPhase;
			buildActionMask = 2147483647;
			files = (
				3B54D157161590113ACED407 /* Assets.xcassets in Resources */,
			);
			runOnlyForDeploymentPostprocessing = 0;
		};
/* End PBXResourcesBuildPhase section */

/* Begin PBXSourcesBuildPhase section */
		1A9DDD54BA2F80EAA25AF73C /* Sources */ = {
			isa = PBXSourcesBuildPhase;
			buildActionMask = 2147483647;
			files = (
				FB35301AC5F7338EEA7F8089 /* CodexWidget.swift in Sources */,
				8299DA3C7C1FD96239063B69 /* CompactQuotaView.swift in Sources */,
				3B37B886A505345D94F1106D /* SharedQuotaStore.swift in Sources */,
				35E250658F5C0CA0E7785184 /* WidgetStore.swift in Sources */,
			);
			runOnlyForDeploymentPostprocessing = 0;
		};
		5A264ED467090C538192CD77 /* Sources */ = {
			isa = PBXSourcesBuildPhase;
			buildActionMask = 2147483647;
			files = (
				D8DCDC8B4830C0460D879B02 /* ClaudeProbeModel.swift in Sources */,
				1C083A4F4BDACFE1F22DF9C3 /* ClaudeProbeView.swift in Sources */,
				33446789E7BF9AACA7AB3131 /* ClaudeTokenStore.swift in Sources */,
				75693BD6C1BF90BE6314D47F /* CompactQuotaView.swift in Sources */,
				5A46369816A5946D839E4BD1 /* MobileAccessApp.swift in Sources */,
				B7006AC17E028F428A769717 /* MobileSettingsView.swift in Sources */,
				746C4447FF212224EBC1C74F /* OverviewView.swift in Sources */,
				4425E8D24C7474C6DAE872D0 /* ProbeModel.swift in Sources */,
				E3D30E50AB75A441C40715E3 /* SharedQuotaStore.swift in Sources */,
				8C85F5F54B15A0FBCDB288B4 /* TokenStore.swift in Sources */,
				0626A5CC00C74C2D29AED4C1 /* WidgetStore.swift in Sources */,
			);
			runOnlyForDeploymentPostprocessing = 0;
		};
		A841B997575CF2ABBBB5DF12 /* Sources */ = {
			isa = PBXSourcesBuildPhase;
			buildActionMask = 2147483647;
			files = (
				CC5F281DB85E8B6C7066CA4C /* SharedQuotaStoreTests.swift in Sources */,
				4B3475597E85C005EAD58BE3 /* TokenStoreTests.swift in Sources */,
			);
			runOnlyForDeploymentPostprocessing = 0;
		};
/* End PBXSourcesBuildPhase section */

/* Begin PBXTargetDependency section */
		000D944C573E6F809F394822 /* PBXTargetDependency */ = {
			isa = PBXTargetDependency;
			target = 66393C81E06658137A4EC5F2 /* CodexLockScreen */;
			targetProxy = 7A5917E429DA0E8CFD15F6BC /* PBXContainerItemProxy */;
		};
		7C0B3F5F8F99145A135EB204 /* PBXTargetDependency */ = {
			isa = PBXTargetDependency;
			target = 6E313A836C3FCD4ABA1E2F39 /* AIQuota-iOS */;
			targetProxy = CE3FFFB2AE1B38E14EFE8247 /* PBXContainerItemProxy */;
		};
/* End PBXTargetDependency section */

/* Begin XCBuildConfiguration section */
		1BCF2F1E38482AFBFF80AAE7 /* Release */ = {
			isa = XCBuildConfiguration;
			buildSettings = {
				CODE_SIGN_ENTITLEMENTS = Shared/Widget.entitlements;
				INFOPLIST_FILE = Widget/Info.plist;
				LD_RUNPATH_SEARCH_PATHS = (
					"$(inherited)",
					"@executable_path/Frameworks",
					"@executable_path/../../Frameworks",
				);
				PRODUCT_BUNDLE_IDENTIFIER = com.niederme.AIQuota.mobilewidget;
				SDKROOT = iphoneos;
				TARGETED_DEVICE_FAMILY = "1,2";
			};
			name = Release;
		};
		1D18B538BEBC3BEAD33C0222 /* Debug */ = {
			isa = XCBuildConfiguration;
			buildSettings = {
				ALWAYS_SEARCH_USER_PATHS = NO;
				CLANG_ANALYZER_NONNULL = YES;
				CLANG_ANALYZER_NUMBER_OBJECT_CONVERSION = YES_AGGRESSIVE;
				CLANG_CXX_LANGUAGE_STANDARD = "gnu++14";
				CLANG_CXX_LIBRARY = "libc++";
				CLANG_ENABLE_MODULES = YES;
				CLANG_ENABLE_OBJC_ARC = YES;
				CLANG_ENABLE_OBJC_WEAK = YES;
				CLANG_WARN_BLOCK_CAPTURE_AUTORELEASING = YES;
				CLANG_WARN_BOOL_CONVERSION = YES;
				CLANG_WARN_COMMA = YES;
				CLANG_WARN_CONSTANT_CONVERSION = YES;
				CLANG_WARN_DEPRECATED_OBJC_IMPLEMENTATIONS = YES;
				CLANG_WARN_DIRECT_OBJC_ISA_USAGE = YES_ERROR;
				CLANG_WARN_DOCUMENTATION_COMMENTS = YES;
				CLANG_WARN_EMPTY_BODY = YES;
				CLANG_WARN_ENUM_CONVERSION = YES;
				CLANG_WARN_INFINITE_RECURSION = YES;
				CLANG_WARN_INT_CONVERSION = YES;
				CLANG_WARN_NON_LITERAL_NULL_CONVERSION = YES;
				CLANG_WARN_OBJC_IMPLICIT_RETAIN_SELF = YES;
				CLANG_WARN_OBJC_LITERAL_CONVERSION = YES;
				CLANG_WARN_OBJC_ROOT_CLASS = YES_ERROR;
				CLANG_WARN_QUOTED_INCLUDE_IN_FRAMEWORK_HEADER = YES;
				CLANG_WARN_RANGE_LOOP_ANALYSIS = YES;
				CLANG_WARN_STRICT_PROTOTYPES = YES;
				CLANG_WARN_SUSPICIOUS_MOVE = YES;
				CLANG_WARN_UNGUARDED_AVAILABILITY = YES_AGGRESSIVE;
				CLANG_WARN_UNREACHABLE_CODE = YES;
				CLANG_WARN__DUPLICATE_METHOD_MATCH = YES;
				CODE_SIGN_STYLE = Automatic;
				COPY_PHASE_STRIP = NO;
				CURRENT_PROJECT_VERSION = 8;
				DEBUG_INFORMATION_FORMAT = dwarf;
				DEVELOPMENT_TEAM = 289GY9L343;
				ENABLE_STRICT_OBJC_MSGSEND = YES;
				ENABLE_TESTABILITY = YES;
				GCC_C_LANGUAGE_STANDARD = gnu11;
				GCC_DYNAMIC_NO_PIC = NO;
				GCC_NO_COMMON_BLOCKS = YES;
				GCC_OPTIMIZATION_LEVEL = 0;
				GCC_PREPROCESSOR_DEFINITIONS = (
					"$(inherited)",
					"DEBUG=1",
				);
				GCC_WARN_64_TO_32_BIT_CONVERSION = YES;
				GCC_WARN_ABOUT_RETURN_TYPE = YES_ERROR;
				GCC_WARN_UNDECLARED_SELECTOR = YES;
				GCC_WARN_UNINITIALIZED_AUTOS = YES_AGGRESSIVE;
				GCC_WARN_UNUSED_FUNCTION = YES;
				GCC_WARN_UNUSED_VARIABLE = YES;
				IPHONEOS_DEPLOYMENT_TARGET = 17.0;
				MARKETING_VERSION = 0.1.0;
				MTL_ENABLE_DEBUG_INFO = INCLUDE_SOURCE;
				MTL_FAST_MATH = YES;
				ONLY_ACTIVE_ARCH = YES;
				PRODUCT_NAME = "$(TARGET_NAME)";
				SDKROOT = iphoneos;
				SWIFT_ACTIVE_COMPILATION_CONDITIONS = DEBUG;
				SWIFT_OPTIMIZATION_LEVEL = "-Onone";
				SWIFT_VERSION = 6.0;
			};
			name = Debug;
		};
		6B3C645CE91DD983E893B991 /* Release */ = {
			isa = XCBuildConfiguration;
			buildSettings = {
				ASSETCATALOG_COMPILER_APPICON_NAME = AppIcon;
				CODE_SIGN_ENTITLEMENTS = Shared/Mobile.entitlements;
				CODE_SIGN_IDENTITY = "iPhone Developer";
				CURRENT_PROJECT_VERSION = 8;
				GENERATE_INFOPLIST_FILE = YES;
				INFOPLIST_FILE = App/Info.plist;
				INFOPLIST_KEY_CFBundleDisplayName = "AI Quota";
				INFOPLIST_KEY_ITSAppUsesNonExemptEncryption = NO;
				INFOPLIST_KEY_UISupportedInterfaceOrientations = "UIInterfaceOrientationPortrait UIInterfaceOrientationLandscapeLeft UIInterfaceOrientationLandscapeRight";
				INFOPLIST_KEY_UISupportedInterfaceOrientations_iPad = "UIInterfaceOrientationPortrait UIInterfaceOrientationPortraitUpsideDown UIInterfaceOrientationLandscapeLeft UIInterfaceOrientationLandscapeRight";
				LD_RUNPATH_SEARCH_PATHS = (
					"$(inherited)",
					"@executable_path/Frameworks",
				);
				PRODUCT_BUNDLE_IDENTIFIER = com.niederme.AIQuota;
				SDKROOT = iphoneos;
				TARGETED_DEVICE_FAMILY = "1,2";
			};
			name = Release;
		};
		93B42A1AE5A47EE20BDEDF98 /* Debug */ = {
			isa = XCBuildConfiguration;
			buildSettings = {
				ASSETCATALOG_COMPILER_APPICON_NAME = AppIcon;
				CODE_SIGN_ENTITLEMENTS = Shared/Mobile.entitlements;
				CODE_SIGN_IDENTITY = "iPhone Developer";
				CURRENT_PROJECT_VERSION = 8;
				GENERATE_INFOPLIST_FILE = YES;
				INFOPLIST_FILE = App/Info.plist;
				INFOPLIST_KEY_CFBundleDisplayName = "AI Quota";
				INFOPLIST_KEY_ITSAppUsesNonExemptEncryption = NO;
				INFOPLIST_KEY_UISupportedInterfaceOrientations = "UIInterfaceOrientationPortrait UIInterfaceOrientationLandscapeLeft UIInterfaceOrientationLandscapeRight";
				INFOPLIST_KEY_UISupportedInterfaceOrientations_iPad = "UIInterfaceOrientationPortrait UIInterfaceOrientationPortraitUpsideDown UIInterfaceOrientationLandscapeLeft UIInterfaceOrientationLandscapeRight";
				LD_RUNPATH_SEARCH_PATHS = (
					"$(inherited)",
					"@executable_path/Frameworks",
				);
				PRODUCT_BUNDLE_IDENTIFIER = com.niederme.AIQuota.MobileAccessProbe;
				SDKROOT = iphoneos;
				TARGETED_DEVICE_FAMILY = "1,2";
			};
			name = Debug;
		};
		DC4DA879CDE7156C1306896E /* Release */ = {
			isa = XCBuildConfiguration;
			buildSettings = {
				BUNDLE_LOADER = "$(TEST_HOST)";
				GENERATE_INFOPLIST_FILE = YES;
				LD_RUNPATH_SEARCH_PATHS = (
					"$(inherited)",
					"@executable_path/Frameworks",
					"@loader_path/Frameworks",
				);
				PRODUCT_BUNDLE_IDENTIFIER = com.niederme.MobileAccessHostTests;
				SDKROOT = iphoneos;
				TARGETED_DEVICE_FAMILY = "1,2";
				TEST_HOST = "$(BUILT_PRODUCTS_DIR)/AIQuota-iOS.app/AIQuota-iOS";
			};
			name = Release;
		};
		E0F2BC18BF90FD358728B367 /* Release */ = {
			isa = XCBuildConfiguration;
			buildSettings = {
				ALWAYS_SEARCH_USER_PATHS = NO;
				CLANG_ANALYZER_NONNULL = YES;
				CLANG_ANALYZER_NUMBER_OBJECT_CONVERSION = YES_AGGRESSIVE;
				CLANG_CXX_LANGUAGE_STANDARD = "gnu++14";
				CLANG_CXX_LIBRARY = "libc++";
				CLANG_ENABLE_MODULES = YES;
				CLANG_ENABLE_OBJC_ARC = YES;
				CLANG_ENABLE_OBJC_WEAK = YES;
				CLANG_WARN_BLOCK_CAPTURE_AUTORELEASING = YES;
				CLANG_WARN_BOOL_CONVERSION = YES;
				CLANG_WARN_COMMA = YES;
				CLANG_WARN_CONSTANT_CONVERSION = YES;
				CLANG_WARN_DEPRECATED_OBJC_IMPLEMENTATIONS = YES;
				CLANG_WARN_DIRECT_OBJC_ISA_USAGE = YES_ERROR;
				CLANG_WARN_DOCUMENTATION_COMMENTS = YES;
				CLANG_WARN_EMPTY_BODY = YES;
				CLANG_WARN_ENUM_CONVERSION = YES;
				CLANG_WARN_INFINITE_RECURSION = YES;
				CLANG_WARN_INT_CONVERSION = YES;
				CLANG_WARN_NON_LITERAL_NULL_CONVERSION = YES;
				CLANG_WARN_OBJC_IMPLICIT_RETAIN_SELF = YES;
				CLANG_WARN_OBJC_LITERAL_CONVERSION = YES;
				CLANG_WARN_OBJC_ROOT_CLASS = YES_ERROR;
				CLANG_WARN_QUOTED_INCLUDE_IN_FRAMEWORK_HEADER = YES;
				CLANG_WARN_RANGE_LOOP_ANALYSIS = YES;
				CLANG_WARN_STRICT_PROTOTYPES = YES;
				CLANG_WARN_SUSPICIOUS_MOVE = YES;
				CLANG_WARN_UNGUARDED_AVAILABILITY = YES_AGGRESSIVE;
				CLANG_WARN_UNREACHABLE_CODE = YES;
				CLANG_WARN__DUPLICATE_METHOD_MATCH = YES;
				CODE_SIGN_STYLE = Automatic;
				COPY_PHASE_STRIP = NO;
				CURRENT_PROJECT_VERSION = 8;
				DEBUG_INFORMATION_FORMAT = "dwarf-with-dsym";
				DEVELOPMENT_TEAM = 289GY9L343;
				ENABLE_NS_ASSERTIONS = NO;
				ENABLE_STRICT_OBJC_MSGSEND = YES;
				GCC_C_LANGUAGE_STANDARD = gnu11;
				GCC_NO_COMMON_BLOCKS = YES;
				GCC_WARN_64_TO_32_BIT_CONVERSION = YES;
				GCC_WARN_ABOUT_RETURN_TYPE = YES_ERROR;
				GCC_WARN_UNDECLARED_SELECTOR = YES;
				GCC_WARN_UNINITIALIZED_AUTOS = YES_AGGRESSIVE;
				GCC_WARN_UNUSED_FUNCTION = YES;
				GCC_WARN_UNUSED_VARIABLE = YES;
				IPHONEOS_DEPLOYMENT_TARGET = 17.0;
				MARKETING_VERSION = 0.1.0;
				MTL_ENABLE_DEBUG_INFO = NO;
				MTL_FAST_MATH = YES;
				PRODUCT_NAME = "$(TARGET_NAME)";
				SDKROOT = iphoneos;
				SWIFT_COMPILATION_MODE = wholemodule;
				SWIFT_OPTIMIZATION_LEVEL = "-O";
				SWIFT_VERSION = 6.0;
			};
			name = Release;
		};
		F77E161340ED0C0E4B2A1300 /* Debug */ = {
			isa = XCBuildConfiguration;
			buildSettings = {
				CODE_SIGN_ENTITLEMENTS = Shared/Widget.entitlements;
				INFOPLIST_FILE = Widget/Info.plist;
				LD_RUNPATH_SEARCH_PATHS = (
					"$(inherited)",
					"@executable_path/Frameworks",
					"@executable_path/../../Frameworks",
				);
				PRODUCT_BUNDLE_IDENTIFIER = com.niederme.AIQuota.MobileAccessProbe.Widget;
				SDKROOT = iphoneos;
				TARGETED_DEVICE_FAMILY = "1,2";
			};
			name = Debug;
		};
		FDF3AF9A926433CF2569E6CB /* Debug */ = {
			isa = XCBuildConfiguration;
			buildSettings = {
				BUNDLE_LOADER = "$(TEST_HOST)";
				GENERATE_INFOPLIST_FILE = YES;
				LD_RUNPATH_SEARCH_PATHS = (
					"$(inherited)",
					"@executable_path/Frameworks",
					"@loader_path/Frameworks",
				);
				PRODUCT_BUNDLE_IDENTIFIER = com.niederme.MobileAccessHostTests;
				SDKROOT = iphoneos;
				TARGETED_DEVICE_FAMILY = "1,2";
				TEST_HOST = "$(BUILT_PRODUCTS_DIR)/AIQuota-iOS.app/AIQuota-iOS";
			};
			name = Debug;
		};
/* End XCBuildConfiguration section */

/* Begin XCConfigurationList section */
		18920ED1785669268B1A96CC /* Build configuration list for PBXProject "AIQuota-iOS" */ = {
			isa = XCConfigurationList;
			buildConfigurations = (
				1D18B538BEBC3BEAD33C0222 /* Debug */,
				E0F2BC18BF90FD358728B367 /* Release */,
			);
			defaultConfigurationIsVisible = 0;
			defaultConfigurationName = Debug;
		};
		34E56FD304FE56E2291074EA /* Build configuration list for PBXNativeTarget "MobileAccessHostTests" */ = {
			isa = XCConfigurationList;
			buildConfigurations = (
				FDF3AF9A926433CF2569E6CB /* Debug */,
				DC4DA879CDE7156C1306896E /* Release */,
			);
			defaultConfigurationIsVisible = 0;
			defaultConfigurationName = Debug;
		};
		39BD671DE48D411C2A3F4FD2 /* Build configuration list for PBXNativeTarget "AIQuota-iOS" */ = {
			isa = XCConfigurationList;
			buildConfigurations = (
				93B42A1AE5A47EE20BDEDF98 /* Debug */,
				6B3C645CE91DD983E893B991 /* Release */,
			);
			defaultConfigurationIsVisible = 0;
			defaultConfigurationName = Debug;
		};
		C307DBC11BBF28FA00109E0F /* Build configuration list for PBXNativeTarget "CodexLockScreen" */ = {
			isa = XCConfigurationList;
			buildConfigurations = (
				F77E161340ED0C0E4B2A1300 /* Debug */,
				1BCF2F1E38482AFBFF80AAE7 /* Release */,
			);
			defaultConfigurationIsVisible = 0;
			defaultConfigurationName = Debug;
		};
/* End XCConfigurationList section */

/* Begin XCLocalSwiftPackageReference section */
		27E8E3A2807F7E04BA6AF980 /* XCLocalSwiftPackageReference "Core" */ = {
			isa = XCLocalSwiftPackageReference;
			relativePath = Core;
		};
/* End XCLocalSwiftPackageReference section */

/* Begin XCSwiftPackageProductDependency section */
		173CF8E181A83E5F34DA278D /* MobileAccessCore */ = {
			isa = XCSwiftPackageProductDependency;
			productName = MobileAccessCore;
		};
		D6613792B140EDEB4F845460 /* MobileAccessCore */ = {
			isa = XCSwiftPackageProductDependency;
			productName = MobileAccessCore;
		};
		DFF4C4A5EB5BDFA9C95AAECF /* MobileAccessCore */ = {
			isa = XCSwiftPackageProductDependency;
			productName = MobileAccessCore;
		};
/* End XCSwiftPackageProductDependency section */
	};
	rootObject = 3683EC654F0774B475F753E7 /* Project object */;
}
